<Solution>
  <Folder Name="/server/">
    <Project Path="server/LifePlayed.Domain/LifePlayed.Domain.csproj" />
    <Project Path="server/LifePlayed.Contracts/LifePlayed.Contracts.csproj" />
    <Project Path="server/LifePlayed.Application/LifePlayed.Application.csproj" />
    <Project Path="server/LifePlayed.Api/LifePlayed.Api.csproj" />
  </Folder>
  <Folder Name="/tests/">
    <Project Path="tests/LifePlayed.Domain.Tests/LifePlayed.Domain.Tests.csproj" />
    <Project Path="tests/LifePlayed.Integration.Tests/LifePlayed.Integration.Tests.csproj" />
  </Folder>
</Solution>
